
Microsoft Visual Studio Solution File, Format Version 12.00
# Visual Studio Version 17
VisualStudioVersion = 17.6.33417.168
MinimumVisualStudioVersion = 10.0.40219.1
Project("{FAE04EC0-301F-11D3-BF4B-00C04F79EFBC}") = "HangFireWebAPI", "HangFireWebAPI\HangFireWebAPI.csproj", "{8D974B70-A930-43F7-A2A7-4315543C6E7E}"
EndProject
Global
	GlobalSection(SolutionConfigurationPlatforms) = preSolution
		Debug|Any CPU = Debug|Any CPU
		Release|Any CPU = Release|Any CPU
	EndGlobalSection
	GlobalSection(ProjectConfigurationPlatforms) = postSolution
		{8D974B70-A930-43F7-A2A7-4315543C6E7E}.Debug|Any CPU.ActiveCfg = Debug|Any CPU
		{8D974B70-A930-43F7-A2A7-4315543C6E7E}.Debug|Any CPU.Build.0 = Debug|Any CPU
		{8D974B70-A930-43F7-A2A7-4315543C6E7E}.Release|Any CPU.ActiveCfg = Release|Any CPU
		{8D974B70-A930-43F7-A2A7-4315543C6E7E}.Release|Any CPU.Build.0 = Release|Any CPU
	EndGlobalSection
	GlobalSection(SolutionProperties) = preSolution
		HideSolutionNode = FALSE
	EndGlobalSection
	GlobalSection(ExtensibilityGlobals) = postSolution
		SolutionGuid = {BCB9A51F-7458-4EAE-BDB7-6859CD6E6B92}
	EndGlobalSection
EndGlobal
